
Microsoft Visual Studio Solution File, Format Version 11.00
# Visual C# Express 2010
Project("{FAE04EC0-301F-11D3-BF4B-00C04F79EFBC}") = "ex 01", "תרגיל אחד\ex 01.csproj", "{D5555ED5-254B-4B73-B698-388D012E8E2E}"
EndProject
Project("{FAE04EC0-301F-11D3-BF4B-00C04F79EFBC}") = "ex 02", "ex 2\ex 02.csproj", "{BB4BDFE8-6703-406F-983E-2C7C8E51F633}"
EndProject
Project("{FAE04EC0-301F-11D3-BF4B-00C04F79EFBC}") = "ex 03", "ex 3\ex 03.csproj", "{2E44C00C-108A-482F-81F1-CB1A8A4BDD89}"
EndProject
Project("{FAE04EC0-301F-11D3-BF4B-00C04F79EFBC}") = "ex 04", "ex 4\ex 04.csproj", "{EAFB33FE-0C8E-4C8C-BCF9-E4D6B96FE0F1}"
EndProject
Project("{FAE04EC0-301F-11D3-BF4B-00C04F79EFBC}") = "ex 06", "ex 6\ex 06.csproj", "{1FA0DF43-3A0F-4893-944E-371D4CABD4EA}"
EndProject
Project("{FAE04EC0-301F-11D3-BF4B-00C04F79EFBC}") = "ex 07", "ex 7\ex 07.csproj", "{2C8CCEC8-3CD3-4F7A-9A63-96388BCF64F5}"
EndProject
Project("{FAE04EC0-301F-11D3-BF4B-00C04F79EFBC}") = "ex 08", "ex 8\ex 08.csproj", "{6C954044-6A4C-4745-B4E3-E9E8A5B5F7C5}"
EndProject
Project("{FAE04EC0-301F-11D3-BF4B-00C04F79EFBC}") = "ex 09", "ex 9\ex 09.csproj", "{EFF9A4A7-EAC7-47F0-AF84-A1A49D2A889D}"
EndProject
Project("{FAE04EC0-301F-11D3-BF4B-00C04F79EFBC}") = "ex 10", "ex 10\ex 10.csproj", "{8B2C97EF-91E4-4EA9-B299-4850CC5BDCF3}"
EndProject
Project("{FAE04EC0-301F-11D3-BF4B-00C04F79EFBC}") = "ex 11", "ex 11\ex 11.csproj", "{0C4DCB69-8C1C-4D43-891A-AC45BDD942B1}"
EndProject
Project("{FAE04EC0-301F-11D3-BF4B-00C04F79EFBC}") = "ex 21", "ex 21\ex 21.csproj", "{A8476725-9944-4440-A238-D9570CAAB292}"
EndProject
Project("{FAE04EC0-301F-11D3-BF4B-00C04F79EFBC}") = "ex 31", "ex 31\ex 31.csproj", "{8580F806-9B76-4364-ACBF-6C6D02EF104B}"
EndProject
Project("{FAE04EC0-301F-11D3-BF4B-00C04F79EFBC}") = "ex 41", "ex 41\ex 41.csproj", "{92FDDDC2-0B37-4BE3-8B3D-7125B974370F}"
EndProject
Project("{FAE04EC0-301F-11D3-BF4B-00C04F79EFBC}") = "ex 51", "ex 51\ex 51.csproj", "{FF325085-1A21-4FFC-99A1-89A2AFE613FA}"
EndProject
Project("{FAE04EC0-301F-11D3-BF4B-00C04F79EFBC}") = "ex 61", "ex 61\ex 61.csproj", "{FB0D5CF0-8FDC-49C3-8292-56FA7F72EB4F}"
EndProject
Project("{FAE04EC0-301F-11D3-BF4B-00C04F79EFBC}") = "ex 71", "ex 71\ex 71.csproj", "{AD5AA344-C2D9-419A-B62E-567B28BF0E07}"
EndProject
Project("{FAE04EC0-301F-11D3-BF4B-00C04F79EFBC}") = "ex 81", "קס 81\ex 81.csproj", "{5551CE53-F1A7-44B9-AB6A-7F87230E673D}"
EndProject
Project("{FAE04EC0-301F-11D3-BF4B-00C04F79EFBC}") = "ex 91", "ex 91\ex 91.csproj", "{63B84E48-75A9-4556-9199-F467692E5A8A}"
EndProject
Project("{FAE04EC0-301F-11D3-BF4B-00C04F79EFBC}") = "ex 92", "ex 102\ex 92.csproj", "{7596199F-0DD4-4B30-86B2-B53C27EFBE29}"
EndProject
Global
	GlobalSection(SolutionConfigurationPlatforms) = preSolution
		Debug|x86 = Debug|x86
		Release|x86 = Release|x86
	EndGlobalSection
	GlobalSection(ProjectConfigurationPlatforms) = postSolution
		{D5555ED5-254B-4B73-B698-388D012E8E2E}.Debug|x86.ActiveCfg = Debug|x86
		{D5555ED5-254B-4B73-B698-388D012E8E2E}.Debug|x86.Build.0 = Debug|x86
		{D5555ED5-254B-4B73-B698-388D012E8E2E}.Release|x86.ActiveCfg = Release|x86
		{D5555ED5-254B-4B73-B698-388D012E8E2E}.Release|x86.Build.0 = Release|x86
		{BB4BDFE8-6703-406F-983E-2C7C8E51F633}.Debug|x86.ActiveCfg = Debug|x86
		{BB4BDFE8-6703-406F-983E-2C7C8E51F633}.Debug|x86.Build.0 = Debug|x86
		{BB4BDFE8-6703-406F-983E-2C7C8E51F633}.Release|x86.ActiveCfg = Release|x86
		{BB4BDFE8-6703-406F-983E-2C7C8E51F633}.Release|x86.Build.0 = Release|x86
		{2E44C00C-108A-482F-81F1-CB1A8A4BDD89}.Debug|x86.ActiveCfg = Debug|x86
		{2E44C00C-108A-482F-81F1-CB1A8A4BDD89}.Debug|x86.Build.0 = Debug|x86
		{2E44C00C-108A-482F-81F1-CB1A8A4BDD89}.Release|x86.ActiveCfg = Release|x86
		{2E44C00C-108A-482F-81F1-CB1A8A4BDD89}.Release|x86.Build.0 = Release|x86
		{EAFB33FE-0C8E-4C8C-BCF9-E4D6B96FE0F1}.Debug|x86.ActiveCfg = Debug|x86
		{EAFB33FE-0C8E-4C8C-BCF9-E4D6B96FE0F1}.Debug|x86.Build.0 = Debug|x86
		{EAFB33FE-0C8E-4C8C-BCF9-E4D6B96FE0F1}.Release|x86.ActiveCfg = Release|x86
		{EAFB33FE-0C8E-4C8C-BCF9-E4D6B96FE0F1}.Release|x86.Build.0 = Release|x86
		{1FA0DF43-3A0F-4893-944E-371D4CABD4EA}.Debug|x86.ActiveCfg = Debug|x86
		{1FA0DF43-3A0F-4893-944E-371D4CABD4EA}.Debug|x86.Build.0 = Debug|x86
		{1FA0DF43-3A0F-4893-944E-371D4CABD4EA}.Release|x86.ActiveCfg = Release|x86
		{1FA0DF43-3A0F-4893-944E-371D4CABD4EA}.Release|x86.Build.0 = Release|x86
		{2C8CCEC8-3CD3-4F7A-9A63-96388BCF64F5}.Debug|x86.ActiveCfg = Debug|x86
		{2C8CCEC8-3CD3-4F7A-9A63-96388BCF64F5}.Debug|x86.Build.0 = Debug|x86
		{2C8CCEC8-3CD3-4F7A-9A63-96388BCF64F5}.Release|x86.ActiveCfg = Release|x86
		{2C8CCEC8-3CD3-4F7A-9A63-96388BCF64F5}.Release|x86.Build.0 = Release|x86
		{6C954044-6A4C-4745-B4E3-E9E8A5B5F7C5}.Debug|x86.ActiveCfg = Debug|x86
		{6C954044-6A4C-4745-B4E3-E9E8A5B5F7C5}.Debug|x86.Build.0 = Debug|x86
		{6C954044-6A4C-4745-B4E3-E9E8A5B5F7C5}.Release|x86.ActiveCfg = Release|x86
		{6C954044-6A4C-4745-B4E3-E9E8A5B5F7C5}.Release|x86.Build.0 = Release|x86
		{EFF9A4A7-EAC7-47F0-AF84-A1A49D2A889D}.Debug|x86.ActiveCfg = Debug|x86
		{EFF9A4A7-EAC7-47F0-AF84-A1A49D2A889D}.Debug|x86.Build.0 = Debug|x86
		{EFF9A4A7-EAC7-47F0-AF84-A1A49D2A889D}.Release|x86.ActiveCfg = Release|x86
		{EFF9A4A7-EAC7-47F0-AF84-A1A49D2A889D}.Release|x86.Build.0 = Release|x86
		{8B2C97EF-91E4-4EA9-B299-4850CC5BDCF3}.Debug|x86.ActiveCfg = Debug|x86
		{8B2C97EF-91E4-4EA9-B299-4850CC5BDCF3}.Debug|x86.Build.0 = Debug|x86
		{8B2C97EF-91E4-4EA9-B299-4850CC5BDCF3}.Release|x86.ActiveCfg = Release|x86
		{8B2C97EF-91E4-4EA9-B299-4850CC5BDCF3}.Release|x86.Build.0 = Release|x86
		{0C4DCB69-8C1C-4D43-891A-AC45BDD942B1}.Debug|x86.ActiveCfg = Debug|x86
		{0C4DCB69-8C1C-4D43-891A-AC45BDD942B1}.Debug|x86.Build.0 = Debug|x86
		{0C4DCB69-8C1C-4D43-891A-AC45BDD942B1}.Release|x86.ActiveCfg = Release|x86
		{0C4DCB69-8C1C-4D43-891A-AC45BDD942B1}.Release|x86.Build.0 = Release|x86
		{A8476725-9944-4440-A238-D9570CAAB292}.Debug|x86.ActiveCfg = Debug|x86
		{A8476725-9944-4440-A238-D9570CAAB292}.Debug|x86.Build.0 = Debug|x86
		{A8476725-9944-4440-A238-D9570CAAB292}.Release|x86.ActiveCfg = Release|x86
		{A8476725-9944-4440-A238-D9570CAAB292}.Release|x86.Build.0 = Release|x86
		{8580F806-9B76-4364-ACBF-6C6D02EF104B}.Debug|x86.ActiveCfg = Debug|x86
		{8580F806-9B76-4364-ACBF-6C6D02EF104B}.Debug|x86.Build.0 = Debug|x86
		{8580F806-9B76-4364-ACBF-6C6D02EF104B}.Release|x86.ActiveCfg = Release|x86
		{8580F806-9B76-4364-ACBF-6C6D02EF104B}.Release|x86.Build.0 = Release|x86
		{92FDDDC2-0B37-4BE3-8B3D-7125B974370F}.Debug|x86.ActiveCfg = Debug|x86
		{92FDDDC2-0B37-4BE3-8B3D-7125B974370F}.Debug|x86.Build.0 = Debug|x86
		{92FDDDC2-0B37-4BE3-8B3D-7125B974370F}.Release|x86.ActiveCfg = Release|x86
		{92FDDDC2-0B37-4BE3-8B3D-7125B974370F}.Release|x86.Build.0 = Release|x86
		{FF325085-1A21-4FFC-99A1-89A2AFE613FA}.Debug|x86.ActiveCfg = Debug|x86
		{FF325085-1A21-4FFC-99A1-89A2AFE613FA}.Debug|x86.Build.0 = Debug|x86
		{FF325085-1A21-4FFC-99A1-89A2AFE613FA}.Release|x86.ActiveCfg = Release|x86
		{FF325085-1A21-4FFC-99A1-89A2AFE613FA}.Release|x86.Build.0 = Release|x86
		{FB0D5CF0-8FDC-49C3-8292-56FA7F72EB4F}.Debug|x86.ActiveCfg = Debug|x86
		{FB0D5CF0-8FDC-49C3-8292-56FA7F72EB4F}.Debug|x86.Build.0 = Debug|x86
		{FB0D5CF0-8FDC-49C3-8292-56FA7F72EB4F}.Release|x86.ActiveCfg = Release|x86
		{FB0D5CF0-8FDC-49C3-8292-56FA7F72EB4F}.Release|x86.Build.0 = Release|x86
		{AD5AA344-C2D9-419A-B62E-567B28BF0E07}.Debug|x86.ActiveCfg = Debug|x86
		{AD5AA344-C2D9-419A-B62E-567B28BF0E07}.Debug|x86.Build.0 = Debug|x86
		{AD5AA344-C2D9-419A-B62E-567B28BF0E07}.Release|x86.ActiveCfg = Release|x86
		{AD5AA344-C2D9-419A-B62E-567B28BF0E07}.Release|x86.Build.0 = Release|x86
		{5551CE53-F1A7-44B9-AB6A-7F87230E673D}.Debug|x86.ActiveCfg = Debug|x86
		{5551CE53-F1A7-44B9-AB6A-7F87230E673D}.Debug|x86.Build.0 = Debug|x86
		{5551CE53-F1A7-44B9-AB6A-7F87230E673D}.Release|x86.ActiveCfg = Release|x86
		{5551CE53-F1A7-44B9-AB6A-7F87230E673D}.Release|x86.Build.0 = Release|x86
		{63B84E48-75A9-4556-9199-F467692E5A8A}.Debug|x86.ActiveCfg = Debug|x86
		{63B84E48-75A9-4556-9199-F467692E5A8A}.Debug|x86.Build.0 = Debug|x86
		{63B84E48-75A9-4556-9199-F467692E5A8A}.Release|x86.ActiveCfg = Release|x86
		{63B84E48-75A9-4556-9199-F467692E5A8A}.Release|x86.Build.0 = Release|x86
		{7596199F-0DD4-4B30-86B2-B53C27EFBE29}.Debug|x86.ActiveCfg = Debug|x86
		{7596199F-0DD4-4B30-86B2-B53C27EFBE29}.Debug|x86.Build.0 = Debug|x86
		{7596199F-0DD4-4B30-86B2-B53C27EFBE29}.Release|x86.ActiveCfg = Release|x86
		{7596199F-0DD4-4B30-86B2-B53C27EFBE29}.Release|x86.Build.0 = Release|x86
	EndGlobalSection
	GlobalSection(SolutionProperties) = preSolution
		HideSolutionNode = FALSE
	EndGlobalSection
EndGlobal
