
Microsoft Visual Studio Solution File, Format Version 11.00
# Visual Studio 2010
Project("{FAE04EC0-301F-11D3-BF4B-00C04F79EFBC}") = "IntNode", "IntNode\IntNode.csproj", "{5888A2D1-1C1C-4CEC-91FD-A931B8A60DEB}"
EndProject
Project("{FAE04EC0-301F-11D3-BF4B-00C04F79EFBC}") = "IntNode-1toN", "IntNode-1toN\IntNode-1toN.csproj", "{869F8DA9-9CF6-4FAF-B724-32363AE23B59}"
EndProject
Project("{FAE04EC0-301F-11D3-BF4B-00C04F79EFBC}") = "StringToNode", "StringToNode\StringToNode.csproj", "{0DFAA823-BFB6-4125-85E5-5FE858D666BD}"
EndProject
Project("{FAE04EC0-301F-11D3-BF4B-00C04F79EFBC}") = "RemoveNode", "RemoveNode\RemoveNode.csproj", "{C94C9CFA-D5B0-4AB2-930C-9E6256F65240}"
EndProject
Project("{FAE04EC0-301F-11D3-BF4B-00C04F79EFBC}") = "StudentList", "StudentList\StudentList.csproj", "{5E1F6CEE-BE9A-402F-8412-E1DA8B9E9308}"
EndProject
Global
	GlobalSection(SolutionConfigurationPlatforms) = preSolution
		Debug|x86 = Debug|x86
		Release|x86 = Release|x86
	EndGlobalSection
	GlobalSection(ProjectConfigurationPlatforms) = postSolution
		{5888A2D1-1C1C-4CEC-91FD-A931B8A60DEB}.Debug|x86.ActiveCfg = Debug|x86
		{5888A2D1-1C1C-4CEC-91FD-A931B8A60DEB}.Debug|x86.Build.0 = Debug|x86
		{5888A2D1-1C1C-4CEC-91FD-A931B8A60DEB}.Release|x86.ActiveCfg = Release|x86
		{5888A2D1-1C1C-4CEC-91FD-A931B8A60DEB}.Release|x86.Build.0 = Release|x86
		{869F8DA9-9CF6-4FAF-B724-32363AE23B59}.Debug|x86.ActiveCfg = Debug|x86
		{869F8DA9-9CF6-4FAF-B724-32363AE23B59}.Debug|x86.Build.0 = Debug|x86
		{869F8DA9-9CF6-4FAF-B724-32363AE23B59}.Release|x86.ActiveCfg = Release|x86
		{869F8DA9-9CF6-4FAF-B724-32363AE23B59}.Release|x86.Build.0 = Release|x86
		{0DFAA823-BFB6-4125-85E5-5FE858D666BD}.Debug|x86.ActiveCfg = Debug|x86
		{0DFAA823-BFB6-4125-85E5-5FE858D666BD}.Debug|x86.Build.0 = Debug|x86
		{0DFAA823-BFB6-4125-85E5-5FE858D666BD}.Release|x86.ActiveCfg = Release|x86
		{0DFAA823-BFB6-4125-85E5-5FE858D666BD}.Release|x86.Build.0 = Release|x86
		{C94C9CFA-D5B0-4AB2-930C-9E6256F65240}.Debug|x86.ActiveCfg = Debug|x86
		{C94C9CFA-D5B0-4AB2-930C-9E6256F65240}.Debug|x86.Build.0 = Debug|x86
		{C94C9CFA-D5B0-4AB2-930C-9E6256F65240}.Release|x86.ActiveCfg = Release|x86
		{C94C9CFA-D5B0-4AB2-930C-9E6256F65240}.Release|x86.Build.0 = Release|x86
		{5E1F6CEE-BE9A-402F-8412-E1DA8B9E9308}.Debug|x86.ActiveCfg = Debug|x86
		{5E1F6CEE-BE9A-402F-8412-E1DA8B9E9308}.Debug|x86.Build.0 = Debug|x86
		{5E1F6CEE-BE9A-402F-8412-E1DA8B9E9308}.Release|x86.ActiveCfg = Release|x86
		{5E1F6CEE-BE9A-402F-8412-E1DA8B9E9308}.Release|x86.Build.0 = Release|x86
	EndGlobalSection
	GlobalSection(SolutionProperties) = preSolution
		HideSolutionNode = FALSE
	EndGlobalSection
EndGlobal
