
Microsoft Visual Studio Solution File, Format Version 11.00
# Visual Studio 2010
Project("{FAE04EC0-301F-11D3-BF4B-00C04F79EFBC}") = "PhoneBook", "PhoneBook\PhoneBook.csproj", "{51113DA0-9E40-4AFE-9A4E-E7C2A3C11786}"
EndProject
Global
	GlobalSection(SolutionConfigurationPlatforms) = preSolution
		Debug|x86 = Debug|x86
		Release|x86 = Release|x86
	EndGlobalSection
	GlobalSection(ProjectConfigurationPlatforms) = postSolution
		{51113DA0-9E40-4AFE-9A4E-E7C2A3C11786}.Debug|x86.ActiveCfg = Debug|x86
		{51113DA0-9E40-4AFE-9A4E-E7C2A3C11786}.Debug|x86.Build.0 = Debug|x86
		{51113DA0-9E40-4AFE-9A4E-E7C2A3C11786}.Release|x86.ActiveCfg = Release|x86
		{51113DA0-9E40-4AFE-9A4E-E7C2A3C11786}.Release|x86.Build.0 = Release|x86
	EndGlobalSection
	GlobalSection(SolutionProperties) = preSolution
		HideSolutionNode = FALSE
	EndGlobalSection
EndGlobal
